{
  "nodes": {
    "advisory-db": {
      "flake": false,
      "locked": {
        "lastModified": 1737565911,
        "narHash": "sha256-WxIWw1mSPJVU1JfIcTdIubU5UoIwwR8h7UcXop/6htg=",
        "owner": "rustsec",
        "repo": "advisory-db",
        "rev": "ffa26704690a3dc403edcd94baef103ee48f66eb",
        "type": "github"
      },
      "original": {
        "owner": "rustsec",
        "repo": "advisory-db",
        "type": "github"
      }
    },
    "crane": {
      "locked": {
        "lastModified": 1737563566,
        "narHash": "sha256-GLJvkOG29XCynQm8XWPyykMRqIhxKcBARVu7Ydrz02M=",
        "owner": "ipetkov",
        "repo": "crane",
        "rev": "849376434956794ebc7a6b487d31aace395392ba",
        "type": "github"
      },
      "original": {
        "owner": "ipetkov",
        "repo": "crane",
        "type": "github"
      }
    },
    "nixpkgs": {
      "locked": {
        "lastModified": 1737525964,
        "narHash": "sha256-3wFonKmNRWKq1himW9N3TllbeGIHFACI5vmLpk6moF8=",
        "owner": "NixOS",
        "repo": "nixpkgs",
        "rev": "5757bbb8bd7c0630a0cc4bb19c47e588db30b97c",
        "type": "github"
      },
      "original": {
        "owner": "NixOS",
        "ref": "nixpkgs-unstable",
        "repo": "nixpkgs",
        "type": "github"
      }
    },
    "nixpkgs_2": {
      "locked": {
        "lastModified": 1736320768,
        "narHash": "sha256-nIYdTAiKIGnFNugbomgBJR+Xv5F1ZQU+HfaBqJKroC0=",
        "owner": "NixOS",
        "repo": "nixpkgs",
        "rev": "4bc9c909d9ac828a039f288cf872d16d38185db8",
        "type": "github"
      },
      "original": {
        "owner": "NixOS",
        "ref": "nixpkgs-unstable",
        "repo": "nixpkgs",
        "type": "github"
      }
    },
    "root": {
      "inputs": {
        "advisory-db": "advisory-db",
        "crane": "crane",
        "nixpkgs": "nixpkgs",
        "rust-overlay": "rust-overlay",
        "tree-sitter-nickel": "tree-sitter-nickel",
        "tree-sitter-openscad": "tree-sitter-openscad"
      }
    },
    "rust-overlay": {
      "inputs": {
        "nixpkgs": "nixpkgs_2"
      },
      "locked": {
        "lastModified": 1737512878,
        "narHash": "sha256-dgF6htdmfNnZzVInifks6npnCAyVsIHWSpWNs10RSW0=",
        "owner": "oxalica",
        "repo": "rust-overlay",
        "rev": "06b8ed0eee289fe94c66f1202ced9a6a2c59a14c",
        "type": "github"
      },
      "original": {
        "owner": "oxalica",
        "repo": "rust-overlay",
        "type": "github"
      }
    },
    "tree-sitter-nickel": {
      "inputs": {
        "nixpkgs": [
          "nixpkgs"
        ]
      },
      "locked": {
        "lastModified": 1736157356,
        "narHash": "sha256-dQeUoHQHkPYywYIm3TMnTWPXUlh2xh8M5CVUiXASBu8=",
        "owner": "nickel-lang",
        "repo": "tree-sitter-nickel",
        "rev": "25464b33522c3f609fa512aa9651707c0b66d48b",
        "type": "github"
      },
      "original": {
        "owner": "nickel-lang",
        "repo": "tree-sitter-nickel",
        "type": "github"
      }
    },
    "tree-sitter-openscad": {
      "inputs": {
        "nixpkgs": [
          "nixpkgs"
        ]
      },
      "locked": {
        "lastModified": 1737584789,
        "narHash": "sha256-j/DordcjrrVZ9ZI2p46z4TULyf2A+4mNjcM9btowyQU=",
        "owner": "mkatychev",
        "repo": "tree-sitter-openscad",
        "rev": "270e5ff749edfacc84a6e4a434abd4e8b0f70bbe",
        "type": "github"
      },
      "original": {
        "owner": "mkatychev",
        "repo": "tree-sitter-openscad",
        "type": "github"
      }
    }
  },
  "root": "root",
  "version": 7
}
